PODS:
  - connectivity (0.0.1):
    - Flutter
    - Reachability
  - DTTJailbreakDetection (0.4.0)
  - Flutter (1.0.0)
  - Reachability (3.2)
  - shared_preferences (0.0.1):
    - Flutter
  - trust_fall (0.0.1):
    - DTTJailbreakDetection
    - Flutter

DEPENDENCIES:
  - connectivity (from `.symlinks/plugins/connectivity/ios`)
  - Flutter (from `Flutter`)
  - shared_preferences (from `.symlinks/plugins/shared_preferences/ios`)
  - trust_fall (from `.symlinks/plugins/trust_fall/ios`)

SPEC REPOS:
  trunk:
    - DTTJailbreakDetection
    - Reachability

EXTERNAL SOURCES:
  connectivity:
    :path: ".symlinks/plugins/connectivity/ios"
  Flutter:
    :path: Flutter
  shared_preferences:
    :path: ".symlinks/plugins/shared_preferences/ios"
  trust_fall:
    :path: ".symlinks/plugins/trust_fall/ios"

SPEC CHECKSUMS:
  connectivity: c4130b2985d4ef6fd26f9702e886bd5260681467
  DTTJailbreakDetection: 5e356c5badc17995f65a83ed9483f787a0057b71
  Flutter: 0e3d915762c693b495b44d77113d4970485de6ec
  Reachability: 33e18b67625424e47b6cde6d202dce689ad7af96
  shared_preferences: af6bfa751691cdc24be3045c43ec037377ada40d
  trust_fall: 89fc4fbfe2ca9994ffa64185c6cc48225ca0204c

PODFILE CHECKSUM: aafe91acc616949ddb318b77800a7f51bffa2a4c

COCOAPODS: 1.9.3
